
Microsoft Visual Studio Solution File, Format Version 12.00
# Visual Studio Version 17
VisualStudioVersion = 17.3.32901.215
MinimumVisualStudioVersion = 10.0.40219.1
Project("{FAE04EC0-301F-11D3-BF4B-00C04F79EFBC}") = "Calculadora", "Calculadora\Calculadora.csproj", "{99826637-860B-48C1-BC8A-D96734AB7B30}"
EndProject
Global
	GlobalSection(SolutionConfigurationPlatforms) = preSolution
		Debug|Any CPU = Debug|Any CPU
		Release|Any CPU = Release|Any CPU
	EndGlobalSection
	GlobalSection(ProjectConfigurationPlatforms) = postSolution
		{99826637-860B-48C1-BC8A-D96734AB7B30}.Debug|Any CPU.ActiveCfg = Debug|Any CPU
		{99826637-860B-48C1-BC8A-D96734AB7B30}.Debug|Any CPU.Build.0 = Debug|Any CPU
		{99826637-860B-48C1-BC8A-D96734AB7B30}.Release|Any CPU.ActiveCfg = Release|Any CPU
		{99826637-860B-48C1-BC8A-D96734AB7B30}.Release|Any CPU.Build.0 = Release|Any CPU
	EndGlobalSection
	GlobalSection(SolutionProperties) = preSolution
		HideSolutionNode = FALSE
	EndGlobalSection
	GlobalSection(ExtensibilityGlobals) = postSolution
		SolutionGuid = {28C1B613-9022-4348-84F0-E173712C9EFD}
	EndGlobalSection
EndGlobal
